{
  "name": "java-parser",
  "version": "2.0.0",
  "lockfileVersion": 2,
  "requires": true,
  "packages": {
    "": {
      "name": "java-parser",
      "version": "2.0.0",
      "license": "Apache-2.0",
      "dependencies": {
        "chevrotain": "https://github.com/udaybhasker-ub/chevrotain.git",
        "lodash": "4.17.21"
      }
    },
    "node_modules/chevrotain": {
      "name": "root",
      "resolved": "git+ssh://git@github.com/udaybhasker-ub/chevrotain.git#8f5a5469dfd7b846bbf509b6e7872441fb2b512f",
      "workspaces": {
        "packages": [
          "packages/*",
          "examples/*"
        ]
      }
    },
    "node_modules/lodash": {
      "version": "4.17.21",
      "resolved": "https://registry.npmjs.org/lodash/-/lodash-4.17.21.tgz",
      "integrity": "sha512-v2kDEe57lecTulaDIuNTPy3Ry4gLGJ6Z1O3vE1krgXZNrsQ+LFTGHVxVjcXPs17LhbZVGedAJv8XZ1tvj5FvSg=="
    }
  },
  "dependencies": {
    "chevrotain": {
      "version": "git+ssh://git@github.com/udaybhasker-ub/chevrotain.git#8f5a5469dfd7b846bbf509b6e7872441fb2b512f",
      "from": "chevrotain@https://github.com/udaybhasker-ub/chevrotain.git"
    },
    "lodash": {
      "version": "4.17.21",
      "resolved": "https://registry.npmjs.org/lodash/-/lodash-4.17.21.tgz",
      "integrity": "sha512-v2kDEe57lecTulaDIuNTPy3Ry4gLGJ6Z1O3vE1krgXZNrsQ+LFTGHVxVjcXPs17LhbZVGedAJv8XZ1tvj5FvSg=="
    }
  }
}
